// !$*UTF8*$!
{
	archiveVersion = 1;
	classes = {
	};
	objectVersion = 46;
	objects = {

/* Begin PBXBuildFile section */
		6F0279A01F0DD23B005D5630 /* AppDelegate.swift in Sources */ = {isa = PBXBuildFile; fileRef = 6F02799F1F0DD23B005D5630 /* AppDelegate.swift */; };
		6F0279A21F0DD23B005D5630 /* ViewController.swift in Sources */ = {isa = PBXBuildFile; fileRef = 6F0279A11F0DD23B005D5630 /* ViewController.swift */; };
		6F0279A51F0DD23B005D5630 /* Main.storyboard in Resources */ = {isa = PBXBuildFile; fileRef = 6F0279A31F0DD23B005D5630 /* Main.storyboard */; };
		6F0279A71F0DD23B005D5630 /* Assets.xcassets in Resources */ = {isa = PBXBuildFile; fileRef = 6F0279A61F0DD23B005D5630 /* Assets.xcassets */; };
		6F0279AA1F0DD23B005D5630 /* LaunchScreen.storyboard in Resources */ = {isa = PBXBuildFile; fileRef = 6F0279A81F0DD23B005D5630 /* LaunchScreen.storyboard */; };
/* End PBXBuildFile section */

/* Begin PBXFileReference section */
		6F02799C1F0DD23B005D5630 /* TrustedDevices.app */ = {isa = PBXFileReference; explicitFileType = wrapper.application; includeInIndex = 0; path = TrustedDevices.app; sourceTree = BUILT_PRODUCTS_DIR; };
		6F02799F1F0DD23B005D5630 /* AppDelegate.swift */ = {isa = PBXFileReference; lastKnownFileType = sourcecode.swift; path = AppDelegate.swift; sourceTree = "<group>"; };
		6F0279A11F0DD23B005D5630 /* ViewController.swift */ = {isa = PBXFileReference; lastKnownFileType = sourcecode.swift; path = ViewController.swift; sourceTree = "<group>"; };
		6F0279A41F0DD23B005D5630 /* Base */ = {isa = PBXFileReference; lastKnownFileType = file.storyboard; name = Base; path = Base.lproj/Main.storyboard; sourceTree = "<group>"; };
		6F0279A61F0DD23B005D5630 /* Assets.xcassets */ = {isa = PBXFileReference; lastKnownFileType = folder.assetcatalog; path = Assets.xcassets; sourceTree = "<group>"; };
		6F0279A91F0DD23B005D5630 /* Base */ = {isa = PBXFileReference; lastKnownFileType = file.storyboard; name = Base; path = Base.lproj/LaunchScreen.storyboard; sourceTree = "<group>"; };
		6F0279AB1F0DD23B005D5630 /* Info.plist */ = {isa = PBXFileReference; lastKnownFileType = text.plist.xml; path = Info.plist; sourceTree = "<group>"; };
/* End PBXFileReference section */

/* Begin PBXFrameworksBuildPhase section */
		6F0279991F0DD23B005D5630 /* Frameworks */ = {
			isa = PBXFrameworksBuildPhase;
			buildActionMask = 2147483647;
			files = (
			);
			runOnlyForDeploymentPostprocessing = 0;
		};
/* End PBXFrameworksBuildPhase section */

/* Begin PBXGroup section */
		6F0279931F0DD23B005D5630 = {
			isa = PBXGroup;
			children = (
				6F02799E1F0DD23B005D5630 /* TrustedDevices */,
				6F02799D1F0DD23B005D5630 /* Products */,
			);
			sourceTree = "<group>";
		};
		6F02799D1F0DD23B005D5630 /* Products */ = {
			isa = PBXGroup;
			children = (
				6F02799C1F0DD23B005D5630 /* TrustedDevices.app */,
			);
			name = Products;
			sourceTree = "<group>";
		};
		6F02799E1F0DD23B005D5630 /* TrustedDevices */ = {
			isa = PBXGroup;
			children = (
				6F02799F1F0DD23B005D5630 /* AppDelegate.swift */,
				6F0279A11F0DD23B005D5630 /* ViewController.swift */,
				6F0279A31F0DD23B005D5630 /* Main.storyboard */,
				6F0279A61F0DD23B005D5630 /* Assets.xcassets */,
				6F0279A81F0DD23B005D5630 /* LaunchScreen.storyboard */,
				6F0279AB1F0DD23B005D5630 /* Info.plist */,
			);
			path = TrustedDevices;
			sourceTree = "<group>";
		};
/* End PBXGroup section */

/* Begin PBXNativeTarget section */
		6F02799B1F0DD23B005D5630 /* TrustedDevices */ = {
			isa = PBXNativeTarget;
			buildConfigurationList = 6F0279AE1F0DD23B005D5630 /* Build configuration list for PBXNativeTarget "TrustedDevices" */;
			buildPhases = (
				6F0279981F0DD23B005D5630 /* Sources */,
				6F0279991F0DD23B005D5630 /* Frameworks */,
				6F02799A1F0DD23B005D5630 /* Resources */,
			);
			buildRules = (
			);
			dependencies = (
			);
			name = TrustedDevices;
			productName = TrustedDevices;
			productReference = 6F02799C1F0DD23B005D5630 /* TrustedDevices.app */;
			productType = "com.apple.product-type.application";
		};
/* End PBXNativeTarget section */

/* Begin PBXProject section */
		6F0279941F0DD23B005D5630 /* Project object */ = {
			isa = PBXProject;
			attributes = {
				LastSwiftUpdateCheck = 0830;
				LastUpgradeCheck = 0830;
				ORGANIZATIONNAME = "Quan Tran";
				TargetAttributes = {
					6F02799B1F0DD23B005D5630 = {
						CreatedOnToolsVersion = 8.3.3;
						DevelopmentTeam = AHB7ATBDP2;
						ProvisioningStyle = Automatic;
					};
				};
			};
			buildConfigurationList = 6F0279971F0DD23B005D5630 /* Build configuration list for PBXProject "TrustedDevices" */;
			compatibilityVersion = "Xcode 3.2";
			developmentRegion = English;
			hasScannedForEncodings = 0;
			knownRegions = (
				en,
				Base,
			);
			mainGroup = 6F0279931F0DD23B005D5630;
			productRefGroup = 6F02799D1F0DD23B005D5630 /* Products */;
			projectDirPath = "";
			projectRoot = "";
			targets = (
				6F02799B1F0DD23B005D5630 /* TrustedDevices */,
			);
		};
/* End PBXProject section */

/* Begin PBXResourcesBuildPhase section */
		6F02799A1F0DD23B005D5630 /* Resources */ = {
			isa = PBXResourcesBuildPhase;
			buildActionMask = 2147483647;
			files = (
				6F0279AA1F0DD23B005D5630 /* LaunchScreen.storyboard in Resources */,
				6F0279A71F0DD23B005D5630 /* Assets.xcassets in Resources */,
				6F0279A51F0DD23B005D5630 /* Main.storyboard in Resources */,
			);
			runOnlyForDeploymentPostprocessing = 0;
		};
/* End PBXResourcesBuildPhase section */

/* Begin PBXSourcesBuildPhase section */
		6F0279981F0DD23B005D5630 /* Sources */ = {
			isa = PBXSourcesBuildPhase;
			buildActionMask = 2147483647;
			files = (
				6F0279A21F0DD23B005D5630 /* ViewController.swift in Sources */,
				6F0279A01F0DD23B005D5630 /* AppDelegate.swift in Sources */,
			);
			runOnlyForDeploymentPostprocessing = 0;
		};
/* End PBXSourcesBuildPhase section */

/* Begin PBXVariantGroup section */
		6F0279A31F0DD23B005D5630 /* Main.storyboard */ = {
			isa = PBXVariantGroup;
			children = (
				6F0279A41F0DD23B005D5630 /* Base */,
			);
			name = Main.storyboard;
			sourceTree = "<group>";
		};
		6F0279A81F0DD23B005D5630 /* LaunchScreen.storyboard */ = {
			isa = PBXVariantGroup;
			children = (
				6F0279A91F0DD23B005D5630 /* Base */,
			);
			name = LaunchScreen.storyboard;
			sourceTree = "<group>";
		};
/* End PBXVariantGroup section */

/* Begin XCBuildConfiguration section */
		6F0279AC1F0DD23B005D5630 /* Debug */ = {
			isa = XCBuildConfiguration;
			buildSettings = {
				ALWAYS_SEARCH_USER_PATHS = NO;
				CLANG_ANALYZER_NONNULL = YES;
				CLANG_ANALYZER_NUMBER_OBJECT_CONVERSION = YES_AGGRESSIVE;
				CLANG_CXX_LANGUAGE_STANDARD = "gnu++0x";
				CLANG_CXX_LIBRARY = "libc++";
				CLANG_ENABLE_MODULES = YES;
				CLANG_ENABLE_OBJC_ARC = YES;
				CLANG_WARN_BOOL_CONVERSION = YES;
				CLANG_WARN_CONSTANT_CONVERSION = YES;
				CLANG_WARN_DIRECT_OBJC_ISA_USAGE = YES_ERROR;
				CLANG_WARN_DOCUMENTATION_COMMENTS = YES;
				CLANG_WARN_EMPTY_BODY = YES;
				CLANG_WARN_ENUM_CONVERSION = YES;
				CLANG_WARN_INFINITE_RECURSION = YES;
				CLANG_WARN_INT_CONVERSION = YES;
				CLANG_WARN_OBJC_ROOT_CLASS = YES_ERROR;
				CLANG_WARN_SUSPICIOUS_MOVE = YES;
				CLANG_WARN_UNREACHABLE_CODE = YES;
				CLANG_WARN__DUPLICATE_METHOD_MATCH = YES;
				"CODE_SIGN_IDENTITY[sdk=iphoneos*]" = "iPhone Developer";
				COPY_PHASE_STRIP = NO;
				DEBUG_INFORMATION_FORMAT = dwarf;
				ENABLE_STRICT_OBJC_MSGSEND = YES;
				ENABLE_TESTABILITY = YES;
				GCC_C_LANGUAGE_STANDARD = gnu99;
				GCC_DYNAMIC_NO_PIC = NO;
				GCC_NO_COMMON_BLOCKS = YES;
				GCC_OPTIMIZATION_LEVEL = 0;
				GCC_PREPROCESSOR_DEFINITIONS = (
					"DEBUG=1",
					"$(inherited)",
				);
				GCC_WARN_64_TO_32_BIT_CONVERSION = YES;
				GCC_WARN_ABOUT_RETURN_TYPE = YES_ERROR;
				GCC_WARN_UNDECLARED_SELECTOR = YES;
				GCC_WARN_UNINITIALIZED_AUTOS = YES_AGGRESSIVE;
				GCC_WARN_UNUSED_FUNCTION = YES;
				GCC_WARN_UNUSED_VARIABLE = YES;
				IPHONEOS_DEPLOYMENT_TARGET = 10.3;
				MTL_ENABLE_DEBUG_INFO = YES;
				ONLY_ACTIVE_ARCH = YES;
				SDKROOT = iphoneos;
				SWIFT_ACTIVE_COMPILATION_CONDITIONS = DEBUG;
				SWIFT_OPTIMIZATION_LEVEL = "-Onone";
				TARGETED_DEVICE_FAMILY = "1,2";
			};
			name = Debug;
		};
		6F0279AD1F0DD23B005D5630 /* Release */ = {
			isa = XCBuildConfiguration;
			buildSettings = {
				ALWAYS_SEARCH_USER_PATHS = NO;
				CLANG_ANALYZER_NONNULL = YES;
				CLANG_ANALYZER_NUMBER_OBJECT_CONVERSION = YES_AGGRESSIVE;
				CLANG_CXX_LANGUAGE_STANDARD = "gnu++0x";
				CLANG_CXX_LIBRARY = "libc++";
				CLANG_ENABLE_MODULES = YES;
				CLANG_ENABLE_OBJC_ARC = YES;
				CLANG_WARN_BOOL_CONVERSION = YES;
				CLANG_WARN_CONSTANT_CONVERSION = YES;
				CLANG_WARN_DIRECT_OBJC_ISA_USAGE = YES_ERROR;
				CLANG_WARN_DOCUMENTATION_COMMENTS = YES;
				CLANG_WARN_EMPTY_BODY = YES;
				CLANG_WARN_ENUM_CONVERSION = YES;
				CLANG_WARN_INFINITE_RECURSION = YES;
				CLANG_WARN_INT_CONVERSION = YES;
				CLANG_WARN_OBJC_ROOT_CLASS = YES_ERROR;
				CLANG_WARN_SUSPICIOUS_MOVE = YES;
				CLANG_WARN_UNREACHABLE_CODE = YES;
				CLANG_WARN__DUPLICATE_METHOD_MATCH = YES;
				"CODE_SIGN_IDENTITY[sdk=iphoneos*]" = "iPhone Developer";
				COPY_PHASE_STRIP = NO;
				DEBUG_INFORMATION_FORMAT = "dwarf-with-dsym";
				ENABLE_NS_ASSERTIONS = NO;
				ENABLE_STRICT_OBJC_MSGSEND = YES;
				GCC_C_LANGUAGE_STANDARD = gnu99;
				GCC_NO_COMMON_BLOCKS = YES;
				GCC_WARN_64_TO_32_BIT_CONVERSION = YES;
				GCC_WARN_ABOUT_RETURN_TYPE = YES_ERROR;
				GCC_WARN_UNDECLARED_SELECTOR = YES;
				GCC_WARN_UNINITIALIZED_AUTOS = YES_AGGRESSIVE;
				GCC_WARN_UNUSED_FUNCTION = YES;
				GCC_WARN_UNUSED_VARIABLE = YES;
				IPHONEOS_DEPLOYMENT_TARGET = 10.3;
				MTL_ENABLE_DEBUG_INFO = NO;
				SDKROOT = iphoneos;
				SWIFT_OPTIMIZATION_LEVEL = "-Owholemodule";
				TARGETED_DEVICE_FAMILY = "1,2";
				VALIDATE_PRODUCT = YES;
			};
			name = Release;
		};
		6F0279AF1F0DD23B005D5630 /* Debug */ = {
			isa = XCBuildConfiguration;
			buildSettings = {
				ASSETCATALOG_COMPILER_APPICON_NAME = AppIcon;
				DEVELOPMENT_TEAM = AHB7ATBDP2;
				INFOPLIST_FILE = TrustedDevices/Info.plist;
				LD_RUNPATH_SEARCH_PATHS = "$(inherited) @executable_path/Frameworks";
				PRODUCT_BUNDLE_IDENTIFIER = com.quan.TrustedDevices;
				PRODUCT_NAME = "$(TARGET_NAME)";
				SWIFT_VERSION = 3.0;
			};
			name = Debug;
		};
		6F0279B01F0DD23B005D5630 /* Release */ = {
			isa = XCBuildConfiguration;
			buildSettings = {
				ASSETCATALOG_COMPILER_APPICON_NAME = AppIcon;
				DEVELOPMENT_TEAM = AHB7ATBDP2;
				INFOPLIST_FILE = TrustedDevices/Info.plist;
				LD_RUNPATH_SEARCH_PATHS = "$(inherited) @executable_path/Frameworks";
				PRODUCT_BUNDLE_IDENTIFIER = com.quan.TrustedDevices;
				PRODUCT_NAME = "$(TARGET_NAME)";
				SWIFT_VERSION = 3.0;
			};
			name = Release;
		};
/* End XCBuildConfiguration section */

/* Begin XCConfigurationList section */
		6F0279971F0DD23B005D5630 /* Build configuration list for PBXProject "TrustedDevices" */ = {
			isa = XCConfigurationList;
			buildConfigurations = (
				6F0279AC1F0DD23B005D5630 /* Debug */,
				6F0279AD1F0DD23B005D5630 /* Release */,
			);
			defaultConfigurationIsVisible = 0;
			defaultConfigurationName = Release;
		};
		6F0279AE1F0DD23B005D5630 /* Build configuration list for PBXNativeTarget "TrustedDevices" */ = {
			isa = XCConfigurationList;
			buildConfigurations = (
				6F0279AF1F0DD23B005D5630 /* Debug */,
				6F0279B01F0DD23B005D5630 /* Release */,
			);
			defaultConfigurationIsVisible = 0;
		};
/* End XCConfigurationList section */
	};
	rootObject = 6F0279941F0DD23B005D5630 /* Project object */;
}
